{
  "dependencies": {
    "electrify": {
      "version": "1.3.6",
      "dependencies": {
        "commander": {
          "version": "2.8.1",
          "dependencies": {
            "graceful-readlink": {
              "version": "1.0.1"
            }
          }
        },
        "lodash": {
          "version": "3.10.1"
        },
        "shelljs": {
          "version": "0.5.3"
        }
      }
    }
  }
}
